// !$*UTF8*$!
{
	archiveVersion = 1;
	classes = {
	};
	objectVersion = 46;
	objects = {

/* Begin PBXBuildFile section */
		9AB71D031DBA97F000836D67 /* AppDelegate.swift in Sources */ = {isa = PBXBuildFile; fileRef = 9AB71D021DBA97F000836D67 /* AppDelegate.swift */; };
		9AB71D051DBA97F000836D67 /* ViewController.swift in Sources */ = {isa = PBXBuildFile; fileRef = 9AB71D041DBA97F000836D67 /* ViewController.swift */; };
		9AB71D081DBA97F000836D67 /* Main.storyboard in Resources */ = {isa = PBXBuildFile; fileRef = 9AB71D061DBA97F000836D67 /* Main.storyboard */; };
		9AB71D0D1DBA97F000836D67 /* Assets.xcassets in Resources */ = {isa = PBXBuildFile; fileRef = 9AB71D0C1DBA97F000836D67 /* Assets.xcassets */; };
		9AB71D101DBA97F000836D67 /* LaunchScreen.storyboard in Resources */ = {isa = PBXBuildFile; fileRef = 9AB71D0E1DBA97F000836D67 /* LaunchScreen.storyboard */; };
		9AB71D1B1DBA97F000836D67 /* hugo_messagesTests.swift in Sources */ = {isa = PBXBuildFile; fileRef = 9AB71D1A1DBA97F000836D67 /* hugo_messagesTests.swift */; };
		9AB71D261DBA97F000836D67 /* hugo_messagesUITests.swift in Sources */ = {isa = PBXBuildFile; fileRef = 9AB71D251DBA97F000836D67 /* hugo_messagesUITests.swift */; };
		9AB71D381DBABD0100836D67 /* HugoMessages.xcdatamodeld in Sources */ = {isa = PBXBuildFile; fileRef = 9AB71D361DBABD0100836D67 /* HugoMessages.xcdatamodeld */; };
		9AB71D3E1DBABEF000836D67 /* MessageStore.swift in Sources */ = {isa = PBXBuildFile; fileRef = 9AB71D3D1DBABEF000836D67 /* MessageStore.swift */; };
		9AB71D401DBABF8000836D67 /* HugoSamaAPI.swift in Sources */ = {isa = PBXBuildFile; fileRef = 9AB71D3F1DBABF8000836D67 /* HugoSamaAPI.swift */; };
		9AF81E331DDCDA9100B93E7E /* Message+CoreDataClass.swift in Sources */ = {isa = PBXBuildFile; fileRef = 9AF81E311DDCDA9100B93E7E /* Message+CoreDataClass.swift */; };
		9AF81E341DDCDA9100B93E7E /* Message+CoreDataProperties.swift in Sources */ = {isa = PBXBuildFile; fileRef = 9AF81E321DDCDA9100B93E7E /* Message+CoreDataProperties.swift */; };
		9AF81E361DDCECEC00B93E7E /* MessagesViewController.swift in Sources */ = {isa = PBXBuildFile; fileRef = 9AF81E351DDCECEC00B93E7E /* MessagesViewController.swift */; };
		9AF81E381DDD225500B93E7E /* MessageDetailViewController.swift in Sources */ = {isa = PBXBuildFile; fileRef = 9AF81E371DDD225500B93E7E /* MessageDetailViewController.swift */; };
/* End PBXBuildFile section */

/* Begin PBXContainerItemProxy section */
		9AB71D171DBA97F000836D67 /* PBXContainerItemProxy */ = {
			isa = PBXContainerItemProxy;
			containerPortal = 9AB71CF71DBA97EF00836D67 /* Project object */;
			proxyType = 1;
			remoteGlobalIDString = 9AB71CFE1DBA97EF00836D67;
			remoteInfo = "hugo messages";
		};
		9AB71D221DBA97F000836D67 /* PBXContainerItemProxy */ = {
			isa = PBXContainerItemProxy;
			containerPortal = 9AB71CF71DBA97EF00836D67 /* Project object */;
			proxyType = 1;
			remoteGlobalIDString = 9AB71CFE1DBA97EF00836D67;
			remoteInfo = "hugo messages";
		};
/* End PBXContainerItemProxy section */

/* Begin PBXFileReference section */
		9AB71CFF1DBA97F000836D67 /* hugo messages.app */ = {isa = PBXFileReference; explicitFileType = wrapper.application; includeInIndex = 0; path = "hugo messages.app"; sourceTree = BUILT_PRODUCTS_DIR; };
		9AB71D021DBA97F000836D67 /* AppDelegate.swift */ = {isa = PBXFileReference; lastKnownFileType = sourcecode.swift; path = AppDelegate.swift; sourceTree = "<group>"; };
		9AB71D041DBA97F000836D67 /* ViewController.swift */ = {isa = PBXFileReference; lastKnownFileType = sourcecode.swift; path = ViewController.swift; sourceTree = "<group>"; };
		9AB71D071DBA97F000836D67 /* Base */ = {isa = PBXFileReference; lastKnownFileType = file.storyboard; name = Base; path = Base.lproj/Main.storyboard; sourceTree = "<group>"; };
		9AB71D0C1DBA97F000836D67 /* Assets.xcassets */ = {isa = PBXFileReference; lastKnownFileType = folder.assetcatalog; path = Assets.xcassets; sourceTree = "<group>"; };
		9AB71D0F1DBA97F000836D67 /* Base */ = {isa = PBXFileReference; lastKnownFileType = file.storyboard; name = Base; path = Base.lproj/LaunchScreen.storyboard; sourceTree = "<group>"; };
		9AB71D111DBA97F000836D67 /* Info.plist */ = {isa = PBXFileReference; lastKnownFileType = text.plist.xml; path = Info.plist; sourceTree = "<group>"; };
		9AB71D161DBA97F000836D67 /* hugo messagesTests.xctest */ = {isa = PBXFileReference; explicitFileType = wrapper.cfbundle; includeInIndex = 0; path = "hugo messagesTests.xctest"; sourceTree = BUILT_PRODUCTS_DIR; };
		9AB71D1A1DBA97F000836D67 /* hugo_messagesTests.swift */ = {isa = PBXFileReference; lastKnownFileType = sourcecode.swift; path = hugo_messagesTests.swift; sourceTree = "<group>"; };
		9AB71D1C1DBA97F000836D67 /* Info.plist */ = {isa = PBXFileReference; lastKnownFileType = text.plist.xml; path = Info.plist; sourceTree = "<group>"; };
		9AB71D211DBA97F000836D67 /* hugo messagesUITests.xctest */ = {isa = PBXFileReference; explicitFileType = wrapper.cfbundle; includeInIndex = 0; path = "hugo messagesUITests.xctest"; sourceTree = BUILT_PRODUCTS_DIR; };
		9AB71D251DBA97F000836D67 /* hugo_messagesUITests.swift */ = {isa = PBXFileReference; lastKnownFileType = sourcecode.swift; path = hugo_messagesUITests.swift; sourceTree = "<group>"; };
		9AB71D271DBA97F000836D67 /* Info.plist */ = {isa = PBXFileReference; lastKnownFileType = text.plist.xml; path = Info.plist; sourceTree = "<group>"; };
		9AB71D371DBABD0100836D67 /* HugoMessages.xcdatamodel */ = {isa = PBXFileReference; lastKnownFileType = wrapper.xcdatamodel; path = HugoMessages.xcdatamodel; sourceTree = "<group>"; };
		9AB71D3D1DBABEF000836D67 /* MessageStore.swift */ = {isa = PBXFileReference; fileEncoding = 4; lastKnownFileType = sourcecode.swift; path = MessageStore.swift; sourceTree = "<group>"; };
		9AB71D3F1DBABF8000836D67 /* HugoSamaAPI.swift */ = {isa = PBXFileReference; fileEncoding = 4; lastKnownFileType = sourcecode.swift; path = HugoSamaAPI.swift; sourceTree = "<group>"; };
		9AF81E311DDCDA9100B93E7E /* Message+CoreDataClass.swift */ = {isa = PBXFileReference; fileEncoding = 4; lastKnownFileType = sourcecode.swift; name = "Message+CoreDataClass.swift"; path = "../Message+CoreDataClass.swift"; sourceTree = "<group>"; };
		9AF81E321DDCDA9100B93E7E /* Message+CoreDataProperties.swift */ = {isa = PBXFileReference; fileEncoding = 4; lastKnownFileType = sourcecode.swift; name = "Message+CoreDataProperties.swift"; path = "../Message+CoreDataProperties.swift"; sourceTree = "<group>"; };
		9AF81E351DDCECEC00B93E7E /* MessagesViewController.swift */ = {isa = PBXFileReference; fileEncoding = 4; lastKnownFileType = sourcecode.swift; path = MessagesViewController.swift; sourceTree = "<group>"; };
		9AF81E371DDD225500B93E7E /* MessageDetailViewController.swift */ = {isa = PBXFileReference; fileEncoding = 4; lastKnownFileType = sourcecode.swift; path = MessageDetailViewController.swift; sourceTree = "<group>"; };
/* End PBXFileReference section */

/* Begin PBXFrameworksBuildPhase section */
		9AB71CFC1DBA97EF00836D67 /* Frameworks */ = {
			isa = PBXFrameworksBuildPhase;
			buildActionMask = 2147483647;
			files = (
			);
			runOnlyForDeploymentPostprocessing = 0;
		};
		9AB71D131DBA97F000836D67 /* Frameworks */ = {
			isa = PBXFrameworksBuildPhase;
			buildActionMask = 2147483647;
			files = (
			);
			runOnlyForDeploymentPostprocessing = 0;
		};
		9AB71D1E1DBA97F000836D67 /* Frameworks */ = {
			isa = PBXFrameworksBuildPhase;
			buildActionMask = 2147483647;
			files = (
			);
			runOnlyForDeploymentPostprocessing = 0;
		};
/* End PBXFrameworksBuildPhase section */

/* Begin PBXGroup section */
		9AB71CF61DBA97EF00836D67 = {
			isa = PBXGroup;
			children = (
				9AB71D011DBA97F000836D67 /* hugo messages */,
				9AB71D191DBA97F000836D67 /* hugo messagesTests */,
				9AB71D241DBA97F000836D67 /* hugo messagesUITests */,
				9AB71D001DBA97F000836D67 /* Products */,
			);
			sourceTree = "<group>";
		};
		9AB71D001DBA97F000836D67 /* Products */ = {
			isa = PBXGroup;
			children = (
				9AB71CFF1DBA97F000836D67 /* hugo messages.app */,
				9AB71D161DBA97F000836D67 /* hugo messagesTests.xctest */,
				9AB71D211DBA97F000836D67 /* hugo messagesUITests.xctest */,
			);
			name = Products;
			sourceTree = "<group>";
		};
		9AB71D011DBA97F000836D67 /* hugo messages */ = {
			isa = PBXGroup;
			children = (
				9AF81E311DDCDA9100B93E7E /* Message+CoreDataClass.swift */,
				9AF81E321DDCDA9100B93E7E /* Message+CoreDataProperties.swift */,
				9AB71D021DBA97F000836D67 /* AppDelegate.swift */,
				9AF81E371DDD225500B93E7E /* MessageDetailViewController.swift */,
				9AF81E351DDCECEC00B93E7E /* MessagesViewController.swift */,
				9AB71D041DBA97F000836D67 /* ViewController.swift */,
				9AB71D061DBA97F000836D67 /* Main.storyboard */,
				9AB71D361DBABD0100836D67 /* HugoMessages.xcdatamodeld */,
				9AB71D0C1DBA97F000836D67 /* Assets.xcassets */,
				9AB71D0E1DBA97F000836D67 /* LaunchScreen.storyboard */,
				9AB71D111DBA97F000836D67 /* Info.plist */,
				9AB71D3D1DBABEF000836D67 /* MessageStore.swift */,
				9AB71D3F1DBABF8000836D67 /* HugoSamaAPI.swift */,
			);
			path = "hugo messages";
			sourceTree = "<group>";
		};
		9AB71D191DBA97F000836D67 /* hugo messagesTests */ = {
			isa = PBXGroup;
			children = (
				9AB71D1A1DBA97F000836D67 /* hugo_messagesTests.swift */,
				9AB71D1C1DBA97F000836D67 /* Info.plist */,
			);
			path = "hugo messagesTests";
			sourceTree = "<group>";
		};
		9AB71D241DBA97F000836D67 /* hugo messagesUITests */ = {
			isa = PBXGroup;
			children = (
				9AB71D251DBA97F000836D67 /* hugo_messagesUITests.swift */,
				9AB71D271DBA97F000836D67 /* Info.plist */,
			);
			path = "hugo messagesUITests";
			sourceTree = "<group>";
		};
/* End PBXGroup section */

/* Begin PBXNativeTarget section */
		9AB71CFE1DBA97EF00836D67 /* hugo messages */ = {
			isa = PBXNativeTarget;
			buildConfigurationList = 9AB71D2A1DBA97F000836D67 /* Build configuration list for PBXNativeTarget "hugo messages" */;
			buildPhases = (
				9AB71CFB1DBA97EF00836D67 /* Sources */,
				9AB71CFC1DBA97EF00836D67 /* Frameworks */,
				9AB71CFD1DBA97EF00836D67 /* Resources */,
			);
			buildRules = (
			);
			dependencies = (
			);
			name = "hugo messages";
			productName = "hugo messages";
			productReference = 9AB71CFF1DBA97F000836D67 /* hugo messages.app */;
			productType = "com.apple.product-type.application";
		};
		9AB71D151DBA97F000836D67 /* hugo messagesTests */ = {
			isa = PBXNativeTarget;
			buildConfigurationList = 9AB71D2D1DBA97F000836D67 /* Build configuration list for PBXNativeTarget "hugo messagesTests" */;
			buildPhases = (
				9AB71D121DBA97F000836D67 /* Sources */,
				9AB71D131DBA97F000836D67 /* Frameworks */,
				9AB71D141DBA97F000836D67 /* Resources */,
			);
			buildRules = (
			);
			dependencies = (
				9AB71D181DBA97F000836D67 /* PBXTargetDependency */,
			);
			name = "hugo messagesTests";
			productName = "hugo messagesTests";
			productReference = 9AB71D161DBA97F000836D67 /* hugo messagesTests.xctest */;
			productType = "com.apple.product-type.bundle.unit-test";
		};
		9AB71D201DBA97F000836D67 /* hugo messagesUITests */ = {
			isa = PBXNativeTarget;
			buildConfigurationList = 9AB71D301DBA97F000836D67 /* Build configuration list for PBXNativeTarget "hugo messagesUITests" */;
			buildPhases = (
				9AB71D1D1DBA97F000836D67 /* Sources */,
				9AB71D1E1DBA97F000836D67 /* Frameworks */,
				9AB71D1F1DBA97F000836D67 /* Resources */,
			);
			buildRules = (
			);
			dependencies = (
				9AB71D231DBA97F000836D67 /* PBXTargetDependency */,
			);
			name = "hugo messagesUITests";
			productName = "hugo messagesUITests";
			productReference = 9AB71D211DBA97F000836D67 /* hugo messagesUITests.xctest */;
			productType = "com.apple.product-type.bundle.ui-testing";
		};
/* End PBXNativeTarget section */

/* Begin PBXProject section */
		9AB71CF71DBA97EF00836D67 /* Project object */ = {
			isa = PBXProject;
			attributes = {
				LastSwiftUpdateCheck = 0800;
				LastUpgradeCheck = 0800;
				ORGANIZATIONNAME = hugosama;
				TargetAttributes = {
					9AB71CFE1DBA97EF00836D67 = {
						CreatedOnToolsVersion = 8.0;
						DevelopmentTeam = SW3MA2W349;
						ProvisioningStyle = Automatic;
					};
					9AB71D151DBA97F000836D67 = {
						CreatedOnToolsVersion = 8.0;
						DevelopmentTeam = SW3MA2W349;
						ProvisioningStyle = Automatic;
						TestTargetID = 9AB71CFE1DBA97EF00836D67;
					};
					9AB71D201DBA97F000836D67 = {
						CreatedOnToolsVersion = 8.0;
						DevelopmentTeam = SW3MA2W349;
						ProvisioningStyle = Automatic;
						TestTargetID = 9AB71CFE1DBA97EF00836D67;
					};
				};
			};
			buildConfigurationList = 9AB71CFA1DBA97EF00836D67 /* Build configuration list for PBXProject "hugo messages" */;
			compatibilityVersion = "Xcode 3.2";
			developmentRegion = English;
			hasScannedForEncodings = 0;
			knownRegions = (
				en,
				Base,
			);
			mainGroup = 9AB71CF61DBA97EF00836D67;
			productRefGroup = 9AB71D001DBA97F000836D67 /* Products */;
			projectDirPath = "";
			projectRoot = "";
			targets = (
				9AB71CFE1DBA97EF00836D67 /* hugo messages */,
				9AB71D151DBA97F000836D67 /* hugo messagesTests */,
				9AB71D201DBA97F000836D67 /* hugo messagesUITests */,
			);
		};
/* End PBXProject section */

/* Begin PBXResourcesBuildPhase section */
		9AB71CFD1DBA97EF00836D67 /* Resources */ = {
			isa = PBXResourcesBuildPhase;
			buildActionMask = 2147483647;
			files = (
				9AB71D101DBA97F000836D67 /* LaunchScreen.storyboard in Resources */,
				9AB71D0D1DBA97F000836D67 /* Assets.xcassets in Resources */,
				9AB71D081DBA97F000836D67 /* Main.storyboard in Resources */,
			);
			runOnlyForDeploymentPostprocessing = 0;
		};
		9AB71D141DBA97F000836D67 /* Resources */ = {
			isa = PBXResourcesBuildPhase;
			buildActionMask = 2147483647;
			files = (
			);
			runOnlyForDeploymentPostprocessing = 0;
		};
		9AB71D1F1DBA97F000836D67 /* Resources */ = {
			isa = PBXResourcesBuildPhase;
			buildActionMask = 2147483647;
			files = (
			);
			runOnlyForDeploymentPostprocessing = 0;
		};
/* End PBXResourcesBuildPhase section */

/* Begin PBXSourcesBuildPhase section */
		9AB71CFB1DBA97EF00836D67 /* Sources */ = {
			isa = PBXSourcesBuildPhase;
			buildActionMask = 2147483647;
			files = (
				9AB71D051DBA97F000836D67 /* ViewController.swift in Sources */,
				9AB71D031DBA97F000836D67 /* AppDelegate.swift in Sources */,
				9AF81E381DDD225500B93E7E /* MessageDetailViewController.swift in Sources */,
				9AB71D381DBABD0100836D67 /* HugoMessages.xcdatamodeld in Sources */,
				9AF81E331DDCDA9100B93E7E /* Message+CoreDataClass.swift in Sources */,
				9AF81E341DDCDA9100B93E7E /* Message+CoreDataProperties.swift in Sources */,
				9AB71D3E1DBABEF000836D67 /* MessageStore.swift in Sources */,
				9AF81E361DDCECEC00B93E7E /* MessagesViewController.swift in Sources */,
				9AB71D401DBABF8000836D67 /* HugoSamaAPI.swift in Sources */,
			);
			runOnlyForDeploymentPostprocessing = 0;
		};
		9AB71D121DBA97F000836D67 /* Sources */ = {
			isa = PBXSourcesBuildPhase;
			buildActionMask = 2147483647;
			files = (
				9AB71D1B1DBA97F000836D67 /* hugo_messagesTests.swift in Sources */,
			);
			runOnlyForDeploymentPostprocessing = 0;
		};
		9AB71D1D1DBA97F000836D67 /* Sources */ = {
			isa = PBXSourcesBuildPhase;
			buildActionMask = 2147483647;
			files = (
				9AB71D261DBA97F000836D67 /* hugo_messagesUITests.swift in Sources */,
			);
			runOnlyForDeploymentPostprocessing = 0;
		};
/* End PBXSourcesBuildPhase section */

/* Begin PBXTargetDependency section */
		9AB71D181DBA97F000836D67 /* PBXTargetDependency */ = {
			isa = PBXTargetDependency;
			target = 9AB71CFE1DBA97EF00836D67 /* hugo messages */;
			targetProxy = 9AB71D171DBA97F000836D67 /* PBXContainerItemProxy */;
		};
		9AB71D231DBA97F000836D67 /* PBXTargetDependency */ = {
			isa = PBXTargetDependency;
			target = 9AB71CFE1DBA97EF00836D67 /* hugo messages */;
			targetProxy = 9AB71D221DBA97F000836D67 /* PBXContainerItemProxy */;
		};
/* End PBXTargetDependency section */

/* Begin PBXVariantGroup section */
		9AB71D061DBA97F000836D67 /* Main.storyboard */ = {
			isa = PBXVariantGroup;
			children = (
				9AB71D071DBA97F000836D67 /* Base */,
			);
			name = Main.storyboard;
			sourceTree = "<group>";
		};
		9AB71D0E1DBA97F000836D67 /* LaunchScreen.storyboard */ = {
			isa = PBXVariantGroup;
			children = (
				9AB71D0F1DBA97F000836D67 /* Base */,
			);
			name = LaunchScreen.storyboard;
			sourceTree = "<group>";
		};
/* End PBXVariantGroup section */

/* Begin XCBuildConfiguration section */
		9AB71D281DBA97F000836D67 /* Debug */ = {
			isa = XCBuildConfiguration;
			buildSettings = {
				ALWAYS_SEARCH_USER_PATHS = NO;
				CLANG_ANALYZER_NONNULL = YES;
				CLANG_CXX_LANGUAGE_STANDARD = "gnu++0x";
				CLANG_CXX_LIBRARY = "libc++";
				CLANG_ENABLE_MODULES = YES;
				CLANG_ENABLE_OBJC_ARC = YES;
				CLANG_WARN_BOOL_CONVERSION = YES;
				CLANG_WARN_CONSTANT_CONVERSION = YES;
				CLANG_WARN_DIRECT_OBJC_ISA_USAGE = YES_ERROR;
				CLANG_WARN_DOCUMENTATION_COMMENTS = YES;
				CLANG_WARN_EMPTY_BODY = YES;
				CLANG_WARN_ENUM_CONVERSION = YES;
				CLANG_WARN_INFINITE_RECURSION = YES;
				CLANG_WARN_INT_CONVERSION = YES;
				CLANG_WARN_OBJC_ROOT_CLASS = YES_ERROR;
				CLANG_WARN_SUSPICIOUS_MOVES = YES;
				CLANG_WARN_UNREACHABLE_CODE = YES;
				CLANG_WARN__DUPLICATE_METHOD_MATCH = YES;
				"CODE_SIGN_IDENTITY[sdk=iphoneos*]" = "iPhone Developer";
				COPY_PHASE_STRIP = NO;
				DEBUG_INFORMATION_FORMAT = dwarf;
				ENABLE_STRICT_OBJC_MSGSEND = YES;
				ENABLE_TESTABILITY = YES;
				GCC_C_LANGUAGE_STANDARD = gnu99;
				GCC_DYNAMIC_NO_PIC = NO;
				GCC_NO_COMMON_BLOCKS = YES;
				GCC_OPTIMIZATION_LEVEL = 0;
				GCC_PREPROCESSOR_DEFINITIONS = (
					"DEBUG=1",
					"$(inherited)",
				);
				GCC_WARN_64_TO_32_BIT_CONVERSION = YES;
				GCC_WARN_ABOUT_RETURN_TYPE = YES_ERROR;
				GCC_WARN_UNDECLARED_SELECTOR = YES;
				GCC_WARN_UNINITIALIZED_AUTOS = YES_AGGRESSIVE;
				GCC_WARN_UNUSED_FUNCTION = YES;
				GCC_WARN_UNUSED_VARIABLE = YES;
				IPHONEOS_DEPLOYMENT_TARGET = 10.0;
				MTL_ENABLE_DEBUG_INFO = NO;
				ONLY_ACTIVE_ARCH = YES;
				SDKROOT = iphoneos;
				SWIFT_ACTIVE_COMPILATION_CONDITIONS = DEBUG;
				SWIFT_OPTIMIZATION_LEVEL = "-Onone";
				TARGETED_DEVICE_FAMILY = "1,2";
			};
			name = Debug;
		};
		9AB71D291DBA97F000836D67 /* Release */ = {
			isa = XCBuildConfiguration;
			buildSettings = {
				ALWAYS_SEARCH_USER_PATHS = NO;
				CLANG_ANALYZER_NONNULL = YES;
				CLANG_CXX_LANGUAGE_STANDARD = "gnu++0x";
				CLANG_CXX_LIBRARY = "libc++";
				CLANG_ENABLE_MODULES = YES;
				CLANG_ENABLE_OBJC_ARC = YES;
				CLANG_WARN_BOOL_CONVERSION = YES;
				CLANG_WARN_CONSTANT_CONVERSION = YES;
				CLANG_WARN_DIRECT_OBJC_ISA_USAGE = YES_ERROR;
				CLANG_WARN_DOCUMENTATION_COMMENTS = YES;
				CLANG_WARN_EMPTY_BODY = YES;
				CLANG_WARN_ENUM_CONVERSION = YES;
				CLANG_WARN_INFINITE_RECURSION = YES;
				CLANG_WARN_INT_CONVERSION = YES;
				CLANG_WARN_OBJC_ROOT_CLASS = YES_ERROR;
				CLANG_WARN_SUSPICIOUS_MOVES = YES;
				CLANG_WARN_UNREACHABLE_CODE = YES;
				CLANG_WARN__DUPLICATE_METHOD_MATCH = YES;
				"CODE_SIGN_IDENTITY[sdk=iphoneos*]" = "iPhone Developer";
				COPY_PHASE_STRIP = NO;
				DEBUG_INFORMATION_FORMAT = "dwarf-with-dsym";
				ENABLE_NS_ASSERTIONS = NO;
				ENABLE_STRICT_OBJC_MSGSEND = YES;
				GCC_C_LANGUAGE_STANDARD = gnu99;
				GCC_NO_COMMON_BLOCKS = YES;
				GCC_WARN_64_TO_32_BIT_CONVERSION = YES;
				GCC_WARN_ABOUT_RETURN_TYPE = YES_ERROR;
				GCC_WARN_UNDECLARED_SELECTOR = YES;
				GCC_WARN_UNINITIALIZED_AUTOS = YES_AGGRESSIVE;
				GCC_WARN_UNUSED_FUNCTION = YES;
				GCC_WARN_UNUSED_VARIABLE = YES;
				IPHONEOS_DEPLOYMENT_TARGET = 10.0;
				MTL_ENABLE_DEBUG_INFO = YES;
				"MTL_ENABLE_DEBUG_INFO[arch=*]" = NO;
				SDKROOT = iphoneos;
				SWIFT_OPTIMIZATION_LEVEL = "-Owholemodule";
				TARGETED_DEVICE_FAMILY = "1,2";
				VALIDATE_PRODUCT = YES;
			};
			name = Release;
		};
		9AB71D2B1DBA97F000836D67 /* Debug */ = {
			isa = XCBuildConfiguration;
			buildSettings = {
				ASSETCATALOG_COMPILER_APPICON_NAME = AppIcon;
				DEVELOPMENT_TEAM = SW3MA2W349;
				INFOPLIST_FILE = "hugo messages/Info.plist";
				LD_RUNPATH_SEARCH_PATHS = "$(inherited) @executable_path/Frameworks";
				PRODUCT_BUNDLE_IDENTIFIER = "com.hugosama.hugo-messages";
				PRODUCT_NAME = "$(TARGET_NAME)";
				SWIFT_VERSION = 3.0;
			};
			name = Debug;
		};
		9AB71D2C1DBA97F000836D67 /* Release */ = {
			isa = XCBuildConfiguration;
			buildSettings = {
				ASSETCATALOG_COMPILER_APPICON_NAME = AppIcon;
				DEVELOPMENT_TEAM = SW3MA2W349;
				INFOPLIST_FILE = "hugo messages/Info.plist";
				LD_RUNPATH_SEARCH_PATHS = "$(inherited) @executable_path/Frameworks";
				PRODUCT_BUNDLE_IDENTIFIER = "com.hugosama.hugo-messages";
				PRODUCT_NAME = "$(TARGET_NAME)";
				SWIFT_VERSION = 3.0;
			};
			name = Release;
		};
		9AB71D2E1DBA97F000836D67 /* Debug */ = {
			isa = XCBuildConfiguration;
			buildSettings = {
				ALWAYS_EMBED_SWIFT_STANDARD_LIBRARIES = YES;
				BUNDLE_LOADER = "$(TEST_HOST)";
				DEVELOPMENT_TEAM = SW3MA2W349;
				INFOPLIST_FILE = "hugo messagesTests/Info.plist";
				LD_RUNPATH_SEARCH_PATHS = "$(inherited) @executable_path/Frameworks @loader_path/Frameworks";
				PRODUCT_BUNDLE_IDENTIFIER = "com.hugosama.hugo-messagesTests";
				PRODUCT_NAME = "$(TARGET_NAME)";
				SWIFT_VERSION = 3.0;
				TEST_HOST = "$(BUILT_PRODUCTS_DIR)/hugo messages.app/hugo messages";
			};
			name = Debug;
		};
		9AB71D2F1DBA97F000836D67 /* Release */ = {
			isa = XCBuildConfiguration;
			buildSettings = {
				ALWAYS_EMBED_SWIFT_STANDARD_LIBRARIES = YES;
				BUNDLE_LOADER = "$(TEST_HOST)";
				DEVELOPMENT_TEAM = SW3MA2W349;
				INFOPLIST_FILE = "hugo messagesTests/Info.plist";
				LD_RUNPATH_SEARCH_PATHS = "$(inherited) @executable_path/Frameworks @loader_path/Frameworks";
				PRODUCT_BUNDLE_IDENTIFIER = "com.hugosama.hugo-messagesTests";
				PRODUCT_NAME = "$(TARGET_NAME)";
				SWIFT_VERSION = 3.0;
				TEST_HOST = "$(BUILT_PRODUCTS_DIR)/hugo messages.app/hugo messages";
			};
			name = Release;
		};
		9AB71D311DBA97F000836D67 /* Debug */ = {
			isa = XCBuildConfiguration;
			buildSettings = {
				ALWAYS_EMBED_SWIFT_STANDARD_LIBRARIES = YES;
				DEVELOPMENT_TEAM = SW3MA2W349;
				INFOPLIST_FILE = "hugo messagesUITests/Info.plist";
				LD_RUNPATH_SEARCH_PATHS = "$(inherited) @executable_path/Frameworks @loader_path/Frameworks";
				PRODUCT_BUNDLE_IDENTIFIER = "com.hugosama.hugo-messagesUITests";
				PRODUCT_NAME = "$(TARGET_NAME)";
				SWIFT_VERSION = 3.0;
				TEST_TARGET_NAME = "hugo messages";
			};
			name = Debug;
		};
		9AB71D321DBA97F000836D67 /* Release */ = {
			isa = XCBuildConfiguration;
			buildSettings = {
				ALWAYS_EMBED_SWIFT_STANDARD_LIBRARIES = YES;
				DEVELOPMENT_TEAM = SW3MA2W349;
				INFOPLIST_FILE = "hugo messagesUITests/Info.plist";
				LD_RUNPATH_SEARCH_PATHS = "$(inherited) @executable_path/Frameworks @loader_path/Frameworks";
				PRODUCT_BUNDLE_IDENTIFIER = "com.hugosama.hugo-messagesUITests";
				PRODUCT_NAME = "$(TARGET_NAME)";
				SWIFT_VERSION = 3.0;
				TEST_TARGET_NAME = "hugo messages";
			};
			name = Release;
		};
/* End XCBuildConfiguration section */

/* Begin XCConfigurationList section */
		9AB71CFA1DBA97EF00836D67 /* Build configuration list for PBXProject "hugo messages" */ = {
			isa = XCConfigurationList;
			buildConfigurations = (
				9AB71D281DBA97F000836D67 /* Debug */,
				9AB71D291DBA97F000836D67 /* Release */,
			);
			defaultConfigurationIsVisible = 0;
			defaultConfigurationName = Release;
		};
		9AB71D2A1DBA97F000836D67 /* Build configuration list for PBXNativeTarget "hugo messages" */ = {
			isa = XCConfigurationList;
			buildConfigurations = (
				9AB71D2B1DBA97F000836D67 /* Debug */,
				9AB71D2C1DBA97F000836D67 /* Release */,
			);
			defaultConfigurationIsVisible = 0;
			defaultConfigurationName = Release;
		};
		9AB71D2D1DBA97F000836D67 /* Build configuration list for PBXNativeTarget "hugo messagesTests" */ = {
			isa = XCConfigurationList;
			buildConfigurations = (
				9AB71D2E1DBA97F000836D67 /* Debug */,
				9AB71D2F1DBA97F000836D67 /* Release */,
			);
			defaultConfigurationIsVisible = 0;
			defaultConfigurationName = Release;
		};
		9AB71D301DBA97F000836D67 /* Build configuration list for PBXNativeTarget "hugo messagesUITests" */ = {
			isa = XCConfigurationList;
			buildConfigurations = (
				9AB71D311DBA97F000836D67 /* Debug */,
				9AB71D321DBA97F000836D67 /* Release */,
			);
			defaultConfigurationIsVisible = 0;
			defaultConfigurationName = Release;
		};
/* End XCConfigurationList section */

/* Begin XCVersionGroup section */
		9AB71D361DBABD0100836D67 /* HugoMessages.xcdatamodeld */ = {
			isa = XCVersionGroup;
			children = (
				9AB71D371DBABD0100836D67 /* HugoMessages.xcdatamodel */,
			);
			currentVersion = 9AB71D371DBABD0100836D67 /* HugoMessages.xcdatamodel */;
			path = HugoMessages.xcdatamodeld;
			sourceTree = "<group>";
			versionGroupType = wrapper.xcdatamodel;
		};
/* End XCVersionGroup section */
	};
	rootObject = 9AB71CF71DBA97EF00836D67 /* Project object */;
}
